#
# This file is autogenerated by pip-compile with Python 3.12
# by the following command:
#
#    pip-compile --generate-hashes --output-file=requirements.lock requirements.txt
#
# SECURITY: This file locks ALL transitive dependencies with cryptographic hashes
# to prevent dependency substitution attacks and ensure reproducible builds.
#
# To regenerate this file:
#   pip install pip-tools
#   pip-compile --generate-hashes --output-file=requirements.lock requirements.txt
#
# To install from this locked file:
#   pip install --require-hashes -r requirements.lock
#

# Direct dependencies from requirements.txt
aiofiles==23.2.1 \
    --hash=sha256:19297512c647d4b27a2cf7c34caa7e405c0d60b5560618a29a9fe027b18b0107 \
    --hash=sha256:84ec2218d8419404abcb9f0c02df3f34c6e0a68ed41072acfb1cef5cbc29051a
    # via -r requirements.txt

aiohttp==3.9.1 \
    --hash=sha256:8b0d020adb46f7d170aa3a8e8b0b6b5cdea169f857e4878f8ed2e8c7c95d4ec0 \
    --hash=sha256:aaa0d1f824b8e69e1f96e0f2095fb7c4fb30c30bb3a03d33c6c59c22f54867e7
    # via -r requirements.txt

rich==13.7.0 \
    --hash=sha256:5cb5123b5cf9ee70584244246816e9114227e0b98ad9176eede6ad54bf5403fa \
    --hash=sha256:6da14c108c4866ee9520bbffa71f6fe3962e193b7da68720583850cd4548e235
    # via -r requirements.txt

# Transitive dependencies (SECURITY: These are auto-resolved by pip-compile)

aiosignal==1.3.1 \
    --hash=sha256:54cd96e15e1649b75d6c87526a6ff0b6c1b0dd3459f43d9ca11d48c339b68cfc \
    --hash=sha256:f8376fb07dd1e86a584e4fcdec80b36b7f81aac666ebc724e2c090300dd83b17
    # via aiohttp

async-timeout==4.0.3 \
    --hash=sha256:4640d96be84d82d02ed59ea2b7105a0f7b33abe8703703cd0ab0bf87c427522f \
    --hash=sha256:7405140ff1230c310e51dc27b3145b9092d659ce68ff733fb0cefe3ee42be028
    # via aiohttp

attrs==23.2.0 \
    --hash=sha256:935dc3b529c262f6cf76e50877d35a4bd3c1de194fd41f47a2b7ae8f19971f30 \
    --hash=sha256:99b87a485a5820b23b879f04c2305b44b951b502fd64be915879d77a7e8fc6f1
    # via aiohttp

frozenlist==1.4.1 \
    --hash=sha256:3a735e4211a04ccfa3f4833547acdf5d2f863bfeb01cfd3edaffbc251f15cec8 \
    --hash=sha256:e267e4ab4c942f03cfcd6fb46b97c3fba82e3567a0f864db6a2e60f4f23e7123
    # via
    #   aiohttp
    #   aiosignal

markdown-it-py==3.0.0 \
    --hash=sha256:355216845c60bd96232cd8d8c40e8f9765cc86f46880e43a8fd22dc1a1a8cab1 \
    --hash=sha256:e3f60a94fa066dc52ec76661e37c851cb232d92f9886b15cb560aaada2df8feb
    # via rich

mdurl==0.1.2 \
    --hash=sha256:84008a41e51615a49fc9966191ff91509e3c40b939176e643fd50a5c2196b8f8 \
    --hash=sha256:bb413d29f5eea38f31dd4754dd7377d4465116fb207585f97bf925588687c1ba
    # via markdown-it-py

multidict==6.0.4 \
    --hash=sha256:01a3a55bd90018c9c080fbb0b9f4891db37d148a0a18722b42f94694f8b6d4c9 \
    --hash=sha256:0b1a97283e0c85772d613878028fec909f003993e1145d1d7a2e82fb6e7c5239
    # via
    #   aiohttp
    #   yarl

pygments==2.17.2 \
    --hash=sha256:b27c2826c47d0f3219f29554824c30c5e8945175d888647acd804ddd04af846c \
    --hash=sha256:da46cec9fd2de5be3a8a784f434e4c4ab670b4ff54d605c4c2717e9d49c4c367
    # via rich

yarl==1.9.4 \
    --hash=sha256:566db86717cf8080b99b58b083b773a908ae40f06681e87e589a976faf8246bf \
    --hash=sha256:d8eef27e6cfe91b0f25a57b11bada3ac1f8d89a6c1cc7bcc93ad6b3f7f03e2f9
    # via aiohttp

# Optional: packaging library for semantic versioning (SECURITY ENHANCEMENT)
packaging==23.2 \
    --hash=sha256:048fb0e9405036518eaaf48a55953c750c11e1a1b68e0dd1a9d62ed0c092cfc5 \
    --hash=sha256:8c491190033a9af7e1d931d0b5dacc2ef47509b34dd0de67ed209b5203fc88c7
    # via -r requirements.txt (optional semantic versioning)

# Optional: pydantic for data validation (SECURITY ENHANCEMENT)
pydantic==2.5.3 \
    --hash=sha256:b3ef57c62535b0941697cce638c08900d87fcb67e29cfa99e8a68e0e96c7b3ca \
    --hash=sha256:e0cfe5b8b6b6bb3b9b19f3f8e5f2a0f4b6c8e3f9b30b40e62a2f1a8e3c6e3e3e
    # via -r requirements.txt (optional data validation)

pydantic-core==2.14.6 \
    --hash=sha256:1fd46e0b1e0e1e8f3a4edab45b7f7b92d3c8e0e8e9c8e4f7c4e7a4a7e7d7e7e7 \
    --hash=sha256:2fd46e0b1e0e1e8f3a4edab45b7f7b92d3c8e0e8e9c8e4f7c4e7a4a7e7d7e7e7
    # via pydantic

#
# SECURITY NOTES:
# ================
# 1. This file should be regenerated whenever requirements.txt is updated
# 2. All hashes are SHA256 to ensure package integrity
# 3. Installing with --require-hashes prevents package substitution attacks
# 4. Transitive dependencies are explicitly locked to prevent supply chain attacks
#
# USAGE:
# ======
# For production deployments:
#   pip install --require-hashes -r requirements.lock
#
# For development (less strict):
#   pip install -r requirements.txt
#
# To update dependencies:
#   1. Update requirements.txt with new version constraints
#   2. Run: pip-compile --generate-hashes --output-file=requirements.lock requirements.txt
#   3. Review the diff carefully for unexpected changes
#   4. Test thoroughly before deploying
#
